// !$*UTF8*$!
{
	archiveVersion = 1;
	classes = {
	};
	objectVersion = 46;
	objects = {

/* Begin PBXBuildFile section */
		D7A82EEC1B3EEB78009E105D /* AppDelegate.swift in Sources */ = {isa = PBXBuildFile; fileRef = D7A82EEB1B3EEB78009E105D /* AppDelegate.swift */; };
		D7A82EEE1B3EEB78009E105D /* ViewController.swift in Sources */ = {isa = PBXBuildFile; fileRef = D7A82EED1B3EEB78009E105D /* ViewController.swift */; };
		D7A82EF11B3EEB78009E105D /* Main.storyboard in Resources */ = {isa = PBXBuildFile; fileRef = D7A82EEF1B3EEB78009E105D /* Main.storyboard */; };
		D7A82EF31B3EEB78009E105D /* Assets.xcassets in Resources */ = {isa = PBXBuildFile; fileRef = D7A82EF21B3EEB78009E105D /* Assets.xcassets */; };
		D7A82EF61B3EEB78009E105D /* LaunchScreen.storyboard in Resources */ = {isa = PBXBuildFile; fileRef = D7A82EF41B3EEB78009E105D /* LaunchScreen.storyboard */; };
		D7A82F001B3EF160009E105D /* Menu.plist in Resources */ = {isa = PBXBuildFile; fileRef = D7A82EFF1B3EF160009E105D /* Menu.plist */; };
/* End PBXBuildFile section */

/* Begin PBXFileReference section */
		D76036C81B3F58580041DA69 /* LICENSE-original.txt */ = {isa = PBXFileReference; fileEncoding = 4; lastKnownFileType = text; path = "LICENSE-original.txt"; sourceTree = "<group>"; };
		D76036C91B3F58580041DA69 /* LICENSE.txt */ = {isa = PBXFileReference; fileEncoding = 4; lastKnownFileType = text; path = LICENSE.txt; sourceTree = "<group>"; };
		D76036CA1B3F58580041DA69 /* README.md */ = {isa = PBXFileReference; fileEncoding = 4; lastKnownFileType = net.daringfireball.markdown; path = README.md; sourceTree = "<group>"; };
		D7A82EE81B3EEB78009E105D /* MyContacts.app */ = {isa = PBXFileReference; explicitFileType = wrapper.application; includeInIndex = 0; path = MyContacts.app; sourceTree = BUILT_PRODUCTS_DIR; };
		D7A82EEB1B3EEB78009E105D /* AppDelegate.swift */ = {isa = PBXFileReference; lastKnownFileType = sourcecode.swift; path = AppDelegate.swift; sourceTree = "<group>"; };
		D7A82EED1B3EEB78009E105D /* ViewController.swift */ = {isa = PBXFileReference; lastKnownFileType = sourcecode.swift; path = ViewController.swift; sourceTree = "<group>"; };
		D7A82EF01B3EEB78009E105D /* Base */ = {isa = PBXFileReference; lastKnownFileType = file.storyboard; name = Base; path = Base.lproj/Main.storyboard; sourceTree = "<group>"; };
		D7A82EF21B3EEB78009E105D /* Assets.xcassets */ = {isa = PBXFileReference; lastKnownFileType = folder.assetcatalog; path = Assets.xcassets; sourceTree = "<group>"; };
		D7A82EF51B3EEB78009E105D /* Base */ = {isa = PBXFileReference; lastKnownFileType = file.storyboard; name = Base; path = Base.lproj/LaunchScreen.storyboard; sourceTree = "<group>"; };
		D7A82EF71B3EEB78009E105D /* Info.plist */ = {isa = PBXFileReference; lastKnownFileType = text.plist.xml; path = Info.plist; sourceTree = "<group>"; };
		D7A82EFF1B3EF160009E105D /* Menu.plist */ = {isa = PBXFileReference; fileEncoding = 4; lastKnownFileType = text.plist.xml; path = Menu.plist; sourceTree = "<group>"; };
/* End PBXFileReference section */

/* Begin PBXFrameworksBuildPhase section */
		D7A82EE51B3EEB78009E105D /* Frameworks */ = {
			isa = PBXFrameworksBuildPhase;
			buildActionMask = 2147483647;
			files = (
			);
			runOnlyForDeploymentPostprocessing = 0;
		};
/* End PBXFrameworksBuildPhase section */

/* Begin PBXGroup section */
		D7A82EDF1B3EEB78009E105D = {
			isa = PBXGroup;
			children = (
				D76036C81B3F58580041DA69 /* LICENSE-original.txt */,
				D76036C91B3F58580041DA69 /* LICENSE.txt */,
				D76036CA1B3F58580041DA69 /* README.md */,
				D7A82EEA1B3EEB78009E105D /* MyContacts */,
				D7A82EE91B3EEB78009E105D /* Products */,
			);
			sourceTree = "<group>";
		};
		D7A82EE91B3EEB78009E105D /* Products */ = {
			isa = PBXGroup;
			children = (
				D7A82EE81B3EEB78009E105D /* MyContacts.app */,
			);
			name = Products;
			sourceTree = "<group>";
		};
		D7A82EEA1B3EEB78009E105D /* MyContacts */ = {
			isa = PBXGroup;
			children = (
				D7A82EFD1B3EF0D5009E105D /* Classes */,
				D7A82EFE1B3EF0EC009E105D /* Resources */,
			);
			path = MyContacts;
			sourceTree = "<group>";
		};
		D7A82EFD1B3EF0D5009E105D /* Classes */ = {
			isa = PBXGroup;
			children = (
				D7A82EEB1B3EEB78009E105D /* AppDelegate.swift */,
				D7A82EED1B3EEB78009E105D /* ViewController.swift */,
			);
			name = Classes;
			sourceTree = "<group>";
		};
		D7A82EFE1B3EF0EC009E105D /* Resources */ = {
			isa = PBXGroup;
			children = (
				D7A82EFF1B3EF160009E105D /* Menu.plist */,
				D7A82EEF1B3EEB78009E105D /* Main.storyboard */,
				D7A82EF21B3EEB78009E105D /* Assets.xcassets */,
				D7A82EF41B3EEB78009E105D /* LaunchScreen.storyboard */,
				D7A82EF71B3EEB78009E105D /* Info.plist */,
			);
			name = Resources;
			sourceTree = "<group>";
		};
/* End PBXGroup section */

/* Begin PBXNativeTarget section */
		D7A82EE71B3EEB78009E105D /* MyContacts */ = {
			isa = PBXNativeTarget;
			buildConfigurationList = D7A82EFA1B3EEB78009E105D /* Build configuration list for PBXNativeTarget "MyContacts" */;
			buildPhases = (
				D7A82EE41B3EEB78009E105D /* Sources */,
				D7A82EE51B3EEB78009E105D /* Frameworks */,
				D7A82EE61B3EEB78009E105D /* Resources */,
			);
			buildRules = (
			);
			dependencies = (
			);
			name = MyContacts;
			productName = MyContacts;
			productReference = D7A82EE81B3EEB78009E105D /* MyContacts.app */;
			productType = "com.apple.product-type.application";
		};
/* End PBXNativeTarget section */

/* Begin PBXProject section */
		D7A82EE01B3EEB78009E105D /* Project object */ = {
			isa = PBXProject;
			attributes = {
				LastUpgradeCheck = 0700;
				ORGANIZATIONNAME = "OOPer (NAGATA, Atsuyuki)";
				TargetAttributes = {
					D7A82EE71B3EEB78009E105D = {
						CreatedOnToolsVersion = 7.0;
					};
				};
			};
			buildConfigurationList = D7A82EE31B3EEB78009E105D /* Build configuration list for PBXProject "MyContacts" */;
			compatibilityVersion = "Xcode 3.2";
			developmentRegion = English;
			hasScannedForEncodings = 0;
			knownRegions = (
				en,
				Base,
			);
			mainGroup = D7A82EDF1B3EEB78009E105D;
			productRefGroup = D7A82EE91B3EEB78009E105D /* Products */;
			projectDirPath = "";
			projectRoot = "";
			targets = (
				D7A82EE71B3EEB78009E105D /* MyContacts */,
			);
		};
/* End PBXProject section */

/* Begin PBXResourcesBuildPhase section */
		D7A82EE61B3EEB78009E105D /* Resources */ = {
			isa = PBXResourcesBuildPhase;
			buildActionMask = 2147483647;
			files = (
				D7A82EF61B3EEB78009E105D /* LaunchScreen.storyboard in Resources */,
				D7A82F001B3EF160009E105D /* Menu.plist in Resources */,
				D7A82EF31B3EEB78009E105D /* Assets.xcassets in Resources */,
				D7A82EF11B3EEB78009E105D /* Main.storyboard in Resources */,
			);
			runOnlyForDeploymentPostprocessing = 0;
		};
/* End PBXResourcesBuildPhase section */

/* Begin PBXSourcesBuildPhase section */
		D7A82EE41B3EEB78009E105D /* Sources */ = {
			isa = PBXSourcesBuildPhase;
			buildActionMask = 2147483647;
			files = (
				D7A82EEE1B3EEB78009E105D /* ViewController.swift in Sources */,
				D7A82EEC1B3EEB78009E105D /* AppDelegate.swift in Sources */,
			);
			runOnlyForDeploymentPostprocessing = 0;
		};
/* End PBXSourcesBuildPhase section */

/* Begin PBXVariantGroup section */
		D7A82EEF1B3EEB78009E105D /* Main.storyboard */ = {
			isa = PBXVariantGroup;
			children = (
				D7A82EF01B3EEB78009E105D /* Base */,
			);
			name = Main.storyboard;
			sourceTree = "<group>";
		};
		D7A82EF41B3EEB78009E105D /* LaunchScreen.storyboard */ = {
			isa = PBXVariantGroup;
			children = (
				D7A82EF51B3EEB78009E105D /* Base */,
			);
			name = LaunchScreen.storyboard;
			sourceTree = "<group>";
		};
/* End PBXVariantGroup section */

/* Begin XCBuildConfiguration section */
		D7A82EF81B3EEB78009E105D /* Debug */ = {
			isa = XCBuildConfiguration;
			buildSettings = {
				ALWAYS_SEARCH_USER_PATHS = NO;
				CLANG_CXX_LANGUAGE_STANDARD = "gnu++0x";
				CLANG_CXX_LIBRARY = "libc++";
				CLANG_ENABLE_MODULES = YES;
				CLANG_ENABLE_OBJC_ARC = YES;
				CLANG_WARN_BOOL_CONVERSION = YES;
				CLANG_WARN_CONSTANT_CONVERSION = YES;
				CLANG_WARN_DIRECT_OBJC_ISA_USAGE = YES_ERROR;
				CLANG_WARN_EMPTY_BODY = YES;
				CLANG_WARN_ENUM_CONVERSION = YES;
				CLANG_WARN_INT_CONVERSION = YES;
				CLANG_WARN_OBJC_ROOT_CLASS = YES_ERROR;
				CLANG_WARN_UNREACHABLE_CODE = YES;
				CLANG_WARN__DUPLICATE_METHOD_MATCH = YES;
				"CODE_SIGN_IDENTITY[sdk=iphoneos*]" = "iPhone Developer";
				COPY_PHASE_STRIP = NO;
				DEBUG_INFORMATION_FORMAT = dwarf;
				ENABLE_STRICT_OBJC_MSGSEND = YES;
				ENABLE_TESTABILITY = YES;
				GCC_C_LANGUAGE_STANDARD = gnu99;
				GCC_DYNAMIC_NO_PIC = NO;
				GCC_NO_COMMON_BLOCKS = YES;
				GCC_OPTIMIZATION_LEVEL = 0;
				GCC_PREPROCESSOR_DEFINITIONS = (
					"DEBUG=1",
					"$(inherited)",
				);
				GCC_WARN_64_TO_32_BIT_CONVERSION = YES;
				GCC_WARN_ABOUT_RETURN_TYPE = YES_ERROR;
				GCC_WARN_UNDECLARED_SELECTOR = YES;
				GCC_WARN_UNINITIALIZED_AUTOS = YES_AGGRESSIVE;
				GCC_WARN_UNUSED_FUNCTION = YES;
				GCC_WARN_UNUSED_VARIABLE = YES;
				IPHONEOS_DEPLOYMENT_TARGET = 9.0;
				MTL_ENABLE_DEBUG_INFO = YES;
				ONLY_ACTIVE_ARCH = YES;
				SDKROOT = iphoneos;
				SWIFT_OPTIMIZATION_LEVEL = "-Onone";
			};
			name = Debug;
		};
		D7A82EF91B3EEB78009E105D /* Release */ = {
			isa = XCBuildConfiguration;
			buildSettings = {
				ALWAYS_SEARCH_USER_PATHS = NO;
				CLANG_CXX_LANGUAGE_STANDARD = "gnu++0x";
				CLANG_CXX_LIBRARY = "libc++";
				CLANG_ENABLE_MODULES = YES;
				CLANG_ENABLE_OBJC_ARC = YES;
				CLANG_WARN_BOOL_CONVERSION = YES;
				CLANG_WARN_CONSTANT_CONVERSION = YES;
				CLANG_WARN_DIRECT_OBJC_ISA_USAGE = YES_ERROR;
				CLANG_WARN_EMPTY_BODY = YES;
				CLANG_WARN_ENUM_CONVERSION = YES;
				CLANG_WARN_INT_CONVERSION = YES;
				CLANG_WARN_OBJC_ROOT_CLASS = YES_ERROR;
				CLANG_WARN_UNREACHABLE_CODE = YES;
				CLANG_WARN__DUPLICATE_METHOD_MATCH = YES;
				"CODE_SIGN_IDENTITY[sdk=iphoneos*]" = "iPhone Developer";
				COPY_PHASE_STRIP = NO;
				DEBUG_INFORMATION_FORMAT = "dwarf-with-dsym";
				ENABLE_NS_ASSERTIONS = NO;
				ENABLE_STRICT_OBJC_MSGSEND = YES;
				GCC_C_LANGUAGE_STANDARD = gnu99;
				GCC_NO_COMMON_BLOCKS = YES;
				GCC_WARN_64_TO_32_BIT_CONVERSION = YES;
				GCC_WARN_ABOUT_RETURN_TYPE = YES_ERROR;
				GCC_WARN_UNDECLARED_SELECTOR = YES;
				GCC_WARN_UNINITIALIZED_AUTOS = YES_AGGRESSIVE;
				GCC_WARN_UNUSED_FUNCTION = YES;
				GCC_WARN_UNUSED_VARIABLE = YES;
				IPHONEOS_DEPLOYMENT_TARGET = 9.0;
				MTL_ENABLE_DEBUG_INFO = NO;
				SDKROOT = iphoneos;
				VALIDATE_PRODUCT = YES;
			};
			name = Release;
		};
		D7A82EFB1B3EEB78009E105D /* Debug */ = {
			isa = XCBuildConfiguration;
			buildSettings = {
				ASSETCATALOG_COMPILER_APPICON_NAME = AppIcon;
				INFOPLIST_FILE = MyContacts/Info.plist;
				LD_RUNPATH_SEARCH_PATHS = "$(inherited) @executable_path/Frameworks";
				PRODUCT_BUNDLE_IDENTIFIER = com.oopers.MyContacts;
				PRODUCT_NAME = "$(TARGET_NAME)";
			};
			name = Debug;
		};
		D7A82EFC1B3EEB78009E105D /* Release */ = {
			isa = XCBuildConfiguration;
			buildSettings = {
				ASSETCATALOG_COMPILER_APPICON_NAME = AppIcon;
				INFOPLIST_FILE = MyContacts/Info.plist;
				LD_RUNPATH_SEARCH_PATHS = "$(inherited) @executable_path/Frameworks";
				PRODUCT_BUNDLE_IDENTIFIER = com.oopers.MyContacts;
				PRODUCT_NAME = "$(TARGET_NAME)";
			};
			name = Release;
		};
/* End XCBuildConfiguration section */

/* Begin XCConfigurationList section */
		D7A82EE31B3EEB78009E105D /* Build configuration list for PBXProject "MyContacts" */ = {
			isa = XCConfigurationList;
			buildConfigurations = (
				D7A82EF81B3EEB78009E105D /* Debug */,
				D7A82EF91B3EEB78009E105D /* Release */,
			);
			defaultConfigurationIsVisible = 0;
			defaultConfigurationName = Release;
		};
		D7A82EFA1B3EEB78009E105D /* Build configuration list for PBXNativeTarget "MyContacts" */ = {
			isa = XCConfigurationList;
			buildConfigurations = (
				D7A82EFB1B3EEB78009E105D /* Debug */,
				D7A82EFC1B3EEB78009E105D /* Release */,
			);
			defaultConfigurationIsVisible = 0;
			defaultConfigurationName = Release;
		};
/* End XCConfigurationList section */
	};
	rootObject = D7A82EE01B3EEB78009E105D /* Project object */;
}
